{
  "version": 4,
  "terraform_version": "0.12.3",
  "serial": 10,
  "lineage": "ea1fa90e-4f9e-6216-1d9e-1a947de71e2b",
  "outputs": {},
  "resources": [
    {
      "mode": "managed",
      "type": "azurerm_network_interface",
      "name": "main",
      "provider": "provider.azurerm",
      "instances": [
        {
          "schema_version": 0,
          "attributes": {
            "applied_dns_servers": [],
            "dns_servers": [],
            "enable_accelerated_networking": false,
            "enable_ip_forwarding": false,
            "id": "/subscriptions/915e00c1-76da-4e21-ab49-53bb8104f3ba/resourceGroups/vmACex-resources/providers/Microsoft.Network/networkInterfaces/vmACex-nic",
            "internal_dns_name_label": "",
            "internal_fqdn": "",
            "ip_configuration": [
              {
                "application_gateway_backend_address_pools_ids": [],
                "application_security_group_ids": [],
                "load_balancer_backend_address_pools_ids": [],
                "load_balancer_inbound_nat_rules_ids": [],
                "name": "vmACex-ip",
                "primary": true,
                "private_ip_address": "",
                "private_ip_address_allocation": "dynamic",
                "private_ip_address_version": "IPv4",
                "public_ip_address_id": "",
                "subnet_id": "/subscriptions/915e00c1-76da-4e21-ab49-53bb8104f3ba/resourceGroups/vmACex-resources/providers/Microsoft.Network/virtualNetworks/vmACex-network/subnets/vmSubnet"
              }
            ],
            "location": "uksouth",
            "mac_address": "00-0D-3A-7E-B7-0F",
            "name": "vmACex-nic",
            "network_security_group_id": "/subscriptions/915e00c1-76da-4e21-ab49-53bb8104f3ba/resourceGroups/vmACex-resources/providers/Microsoft.Network/networkSecurityGroups/vmACex-nsg",
            "private_ip_address": "10.0.2.4",
            "private_ip_addresses": [
              "10.0.2.4"
            ],
            "resource_group_name": "vmACex-resources",
            "tags": {},
            "virtual_machine_id": "/subscriptions/915e00c1-76da-4e21-ab49-53bb8104f3ba/resourceGroups/vmACex-resources/providers/Microsoft.Compute/virtualMachines/vmACex-vm1"
          },
          "depends_on": [
            "azurerm_network_security_group.main",
            "azurerm_resource_group.main",
            "azurerm_subnet.vmSubnet"
          ]
        }
      ]
    },
    {
      "mode": "managed",
      "type": "azurerm_network_security_group",
      "name": "main",
      "provider": "provider.azurerm",
      "instances": [
        {
          "schema_version": 0,
          "attributes": {
            "id": "/subscriptions/915e00c1-76da-4e21-ab49-53bb8104f3ba/resourceGroups/vmACex-resources/providers/Microsoft.Network/networkSecurityGroups/vmACex-nsg",
            "location": "uksouth",
            "name": "vmACex-nsg",
            "resource_group_name": "vmACex-resources",
            "security_rule": [],
            "tags": {}
          },
          "depends_on": [
            "azurerm_resource_group.main"
          ]
        }
      ]
    },
    {
      "mode": "managed",
      "type": "azurerm_network_security_rule",
      "name": "main",
      "provider": "provider.azurerm",
      "instances": [
        {
          "schema_version": 0,
          "attributes": {
            "access": "Allow",
            "description": "",
            "destination_address_prefix": "*",
            "destination_address_prefixes": null,
            "destination_application_security_group_ids": null,
            "destination_port_range": "*",
            "destination_port_ranges": null,
            "direction": "Inbound",
            "id": "/subscriptions/915e00c1-76da-4e21-ab49-53bb8104f3ba/resourceGroups/vmACex-resources/providers/Microsoft.Network/networkSecurityGroups/vmACex-nsg/securityRules/SSH",
            "name": "SSH",
            "network_security_group_name": "vmACex-nsg",
            "priority": 500,
            "protocol": "*",
            "resource_group_name": "vmACex-resources",
            "source_address_prefix": "AzureLoadBalancer",
            "source_address_prefixes": null,
            "source_application_security_group_ids": null,
            "source_port_range": "22",
            "source_port_ranges": null
          },
          "private": "bnVsbA==",
          "depends_on": [
            "azurerm_network_security_group.main",
            "azurerm_resource_group.main"
          ]
        }
      ]
    },
    {
      "mode": "managed",
      "type": "azurerm_resource_group",
      "name": "main",
      "provider": "provider.azurerm",
      "instances": [
        {
          "schema_version": 0,
          "attributes": {
            "id": "/subscriptions/915e00c1-76da-4e21-ab49-53bb8104f3ba/resourceGroups/vmACex-resources",
            "location": "uksouth",
            "name": "vmACex-resources",
            "tags": {}
          }
        }
      ]
    },
    {
      "mode": "managed",
      "type": "azurerm_subnet",
      "name": "vmSubnet",
      "provider": "provider.azurerm",
      "instances": [
        {
          "schema_version": 0,
          "attributes": {
            "address_prefix": "10.0.2.0/24",
            "delegation": [],
            "id": "/subscriptions/915e00c1-76da-4e21-ab49-53bb8104f3ba/resourceGroups/vmACex-resources/providers/Microsoft.Network/virtualNetworks/vmACex-network/subnets/vmSubnet",
            "ip_configurations": [
              "/subscriptions/915e00c1-76da-4e21-ab49-53bb8104f3ba/resourceGroups/vmACex-resources/providers/Microsoft.Network/networkInterfaces/vmACex-nic/ipConfigurations/vmACex-ip"
            ],
            "name": "vmSubnet",
            "network_security_group_id": "",
            "resource_group_name": "vmACex-resources",
            "route_table_id": "",
            "service_endpoints": [],
            "virtual_network_name": "vmACex-network"
          },
          "depends_on": [
            "azurerm_resource_group.main",
            "azurerm_virtual_network.main"
          ]
        }
      ]
    },
    {
      "mode": "managed",
      "type": "azurerm_virtual_machine",
      "name": "main",
      "provider": "provider.azurerm",
      "instances": [
        {
          "schema_version": 0,
          "attributes": {
            "availability_set_id": null,
            "boot_diagnostics": [],
            "delete_data_disks_on_termination": false,
            "delete_os_disk_on_termination": false,
            "id": "/subscriptions/915e00c1-76da-4e21-ab49-53bb8104f3ba/resourceGroups/vmACex-resources/providers/Microsoft.Compute/virtualMachines/vmACex-vm1",
            "identity": [],
            "license_type": null,
            "location": "uksouth",
            "name": "vmACex-vm1",
            "network_interface_ids": [
              "/subscriptions/915e00c1-76da-4e21-ab49-53bb8104f3ba/resourceGroups/vmACex-resources/providers/Microsoft.Network/networkInterfaces/vmACex-nic"
            ],
            "os_profile": [
              {
                "admin_password": "",
                "admin_username": "admin123",
                "computer_name": "jenkinsVM",
                "custom_data": ""
              }
            ],
            "os_profile_linux_config": [
              {
                "disable_password_authentication": false,
                "ssh_keys": []
              }
            ],
            "os_profile_secrets": [],
            "os_profile_windows_config": [],
            "plan": [],
            "primary_network_interface_id": null,
            "resource_group_name": "vmACex-resources",
            "storage_data_disk": [],
            "storage_image_reference": [
              {
                "id": "",
                "offer": "UbuntuServer",
                "publisher": "Canonical",
                "sku": "18.04-LTS",
                "version": "latest"
              }
            ],
            "storage_os_disk": [
              {
                "caching": "ReadWrite",
                "create_option": "FromImage",
                "disk_size_gb": 30,
                "image_uri": "",
                "managed_disk_id": "/subscriptions/915e00c1-76da-4e21-ab49-53bb8104f3ba/resourceGroups/vmACex-resources/providers/Microsoft.Compute/disks/myosdisk1",
                "managed_disk_type": "Standard_LRS",
                "name": "myosdisk1",
                "os_type": "Linux",
                "vhd_uri": "",
                "write_accelerator_enabled": false
              }
            ],
            "tags": {
              "environment": "staging"
            },
            "vm_size": "Standard_DS1_v2",
            "zones": []
          },
          "depends_on": [
            "azurerm_network_interface.main",
            "azurerm_resource_group.main"
          ]
        }
      ]
    },
    {
      "mode": "managed",
      "type": "azurerm_virtual_network",
      "name": "main",
      "provider": "provider.azurerm",
      "instances": [
        {
          "schema_version": 0,
          "attributes": {
            "address_space": [
              "10.0.0.0/16"
            ],
            "ddos_protection_plan": [],
            "dns_servers": [],
            "id": "/subscriptions/915e00c1-76da-4e21-ab49-53bb8104f3ba/resourceGroups/vmACex-resources/providers/Microsoft.Network/virtualNetworks/vmACex-network",
            "location": "uksouth",
            "name": "vmACex-network",
            "resource_group_name": "vmACex-resources",
            "subnet": [
              {
                "address_prefix": "10.0.2.0/24",
                "id": "/subscriptions/915e00c1-76da-4e21-ab49-53bb8104f3ba/resourceGroups/vmACex-resources/providers/Microsoft.Network/virtualNetworks/vmACex-network/subnets/vmSubnet",
                "name": "vmSubnet",
                "security_group": ""
              }
            ],
            "tags": {}
          },
          "depends_on": [
            "azurerm_resource_group.main"
          ]
        }
      ]
    }
  ]
}
